
Microsoft Visual Studio Solution File, Format Version 12.00
# Visual Studio Version 17
VisualStudioVersion = 17.5.33502.453
MinimumVisualStudioVersion = 10.0.40219.1
Project("{FAE04EC0-301F-11D3-BF4B-00C04F79EFBC}") = "DataEntryApplication", "DataEntryApplication.csproj", "{926ECE7A-B6CD-4FCA-94FD-00817043402A}"
EndProject
Global
	GlobalSection(SolutionConfigurationPlatforms) = preSolution
		Debug|Any CPU = Debug|Any CPU
		Release|Any CPU = Release|Any CPU
	EndGlobalSection
	GlobalSection(ProjectConfigurationPlatforms) = postSolution
		{926ECE7A-B6CD-4FCA-94FD-00817043402A}.Debug|Any CPU.ActiveCfg = Debug|Any CPU
		{926ECE7A-B6CD-4FCA-94FD-00817043402A}.Debug|Any CPU.Build.0 = Debug|Any CPU
		{926ECE7A-B6CD-4FCA-94FD-00817043402A}.Release|Any CPU.ActiveCfg = Release|Any CPU
		{926ECE7A-B6CD-4FCA-94FD-00817043402A}.Release|Any CPU.Build.0 = Release|Any CPU
	EndGlobalSection
	GlobalSection(SolutionProperties) = preSolution
		HideSolutionNode = FALSE
	EndGlobalSection
	GlobalSection(ExtensibilityGlobals) = postSolution
		SolutionGuid = {E78BAAA0-AB76-47DB-A179-B349F92EA931}
	EndGlobalSection
EndGlobal
